// !$*UTF8*$!
{
	archiveVersion = 1;
	classes = {
	};
	objectVersion = 50;
	objects = {

/* Begin PBXBuildFile section */
		7669CA319D7468D9BAD62E8F /* Pods_GPUImageDemo.framework in Frameworks */ = {isa = PBXBuildFile; fileRef = E0AE6E866D10119AA57CE778 /* Pods_GPUImageDemo.framework */; };
		BF8F2C3824D58B440060225C /* Storyboard.swift in Sources */ = {isa = PBXBuildFile; fileRef = BF8F2C3724D58B440060225C /* Storyboard.swift */; };
		BF8F2C3C24D58BF10060225C /* ImageOperation.storyboard in Resources */ = {isa = PBXBuildFile; fileRef = BF8F2C3B24D58BF10060225C /* ImageOperation.storyboard */; };
		BF8F2C3E24D58C020060225C /* VideoOperation.storyboard in Resources */ = {isa = PBXBuildFile; fileRef = BF8F2C3D24D58C020060225C /* VideoOperation.storyboard */; };
		BF8F2C4024D58C0B0060225C /* CameraOperation.storyboard in Resources */ = {isa = PBXBuildFile; fileRef = BF8F2C3F24D58C0B0060225C /* CameraOperation.storyboard */; };
		BF8F2C4A24D58D9C0060225C /* ImageOperationViewController.swift in Sources */ = {isa = PBXBuildFile; fileRef = BF8F2C4924D58D9C0060225C /* ImageOperationViewController.swift */; };
		BF8F2C4C24D58EC80060225C /* VideoOperationViewController.swift in Sources */ = {isa = PBXBuildFile; fileRef = BF8F2C4B24D58EC80060225C /* VideoOperationViewController.swift */; };
		BF91342324D527FA00AE6B96 /* AppDelegate.swift in Sources */ = {isa = PBXBuildFile; fileRef = BF91342224D527FA00AE6B96 /* AppDelegate.swift */; };
		BF91342A24D527FA00AE6B96 /* Main.storyboard in Resources */ = {isa = PBXBuildFile; fileRef = BF91342824D527FA00AE6B96 /* Main.storyboard */; };
		BF91342C24D527FB00AE6B96 /* Assets.xcassets in Resources */ = {isa = PBXBuildFile; fileRef = BF91342B24D527FB00AE6B96 /* Assets.xcassets */; };
		BF91342F24D527FB00AE6B96 /* LaunchScreen.storyboard in Resources */ = {isa = PBXBuildFile; fileRef = BF91342D24D527FB00AE6B96 /* LaunchScreen.storyboard */; };
		BF91345524D5364400AE6B96 /* GPUImageTableViewController.swift in Sources */ = {isa = PBXBuildFile; fileRef = BF91345424D5364400AE6B96 /* GPUImageTableViewController.swift */; };
		BF91345824D53C2B00AE6B96 /* CameraOperationController.swift in Sources */ = {isa = PBXBuildFile; fileRef = BF91345724D53C2B00AE6B96 /* CameraOperationController.swift */; };
		BF91345A24D541F900AE6B96 /* GPUImage.framework in Frameworks */ = {isa = PBXBuildFile; fileRef = BF91345924D541F900AE6B96 /* GPUImage.framework */; };
		BF91345B24D541F900AE6B96 /* GPUImage.framework in Embed Frameworks */ = {isa = PBXBuildFile; fileRef = BF91345924D541F900AE6B96 /* GPUImage.framework */; settings = {ATTRIBUTES = (CodeSignOnCopy, RemoveHeadersOnCopy, ); }; };
		BF91345F24D5450600AE6B96 /* FilterOperationType.swift in Sources */ = {isa = PBXBuildFile; fileRef = BF91345E24D5450600AE6B96 /* FilterOperationType.swift */; };
		BF91346124D5452700AE6B96 /* FilterOperations.swift in Sources */ = {isa = PBXBuildFile; fileRef = BF91346024D5452700AE6B96 /* FilterOperations.swift */; };
/* End PBXBuildFile section */

/* Begin PBXCopyFilesBuildPhase section */
		BF91345C24D541F900AE6B96 /* Embed Frameworks */ = {
			isa = PBXCopyFilesBuildPhase;
			buildActionMask = 2147483647;
			dstPath = "";
			dstSubfolderSpec = 10;
			files = (
				BF91345B24D541F900AE6B96 /* GPUImage.framework in Embed Frameworks */,
			);
			name = "Embed Frameworks";
			runOnlyForDeploymentPostprocessing = 0;
		};
/* End PBXCopyFilesBuildPhase section */

/* Begin PBXFileReference section */
		BF8F2C3724D58B440060225C /* Storyboard.swift */ = {isa = PBXFileReference; lastKnownFileType = sourcecode.swift; path = Storyboard.swift; sourceTree = "<group>"; };
		BF8F2C3B24D58BF10060225C /* ImageOperation.storyboard */ = {isa = PBXFileReference; lastKnownFileType = file.storyboard; path = ImageOperation.storyboard; sourceTree = "<group>"; };
		BF8F2C3D24D58C020060225C /* VideoOperation.storyboard */ = {isa = PBXFileReference; lastKnownFileType = file.storyboard; path = VideoOperation.storyboard; sourceTree = "<group>"; };
		BF8F2C3F24D58C0B0060225C /* CameraOperation.storyboard */ = {isa = PBXFileReference; lastKnownFileType = file.storyboard; path = CameraOperation.storyboard; sourceTree = "<group>"; };
		BF8F2C4924D58D9C0060225C /* ImageOperationViewController.swift */ = {isa = PBXFileReference; lastKnownFileType = sourcecode.swift; path = ImageOperationViewController.swift; sourceTree = "<group>"; };
		BF8F2C4B24D58EC80060225C /* VideoOperationViewController.swift */ = {isa = PBXFileReference; lastKnownFileType = sourcecode.swift; path = VideoOperationViewController.swift; sourceTree = "<group>"; };
		BF91341F24D527FA00AE6B96 /* GPUImageDemo.app */ = {isa = PBXFileReference; explicitFileType = wrapper.application; includeInIndex = 0; path = GPUImageDemo.app; sourceTree = BUILT_PRODUCTS_DIR; };
		BF91342224D527FA00AE6B96 /* AppDelegate.swift */ = {isa = PBXFileReference; lastKnownFileType = sourcecode.swift; path = AppDelegate.swift; sourceTree = "<group>"; };
		BF91342924D527FA00AE6B96 /* Base */ = {isa = PBXFileReference; lastKnownFileType = file.storyboard; name = Base; path = Base.lproj/Main.storyboard; sourceTree = "<group>"; };
		BF91342B24D527FB00AE6B96 /* Assets.xcassets */ = {isa = PBXFileReference; lastKnownFileType = folder.assetcatalog; path = Assets.xcassets; sourceTree = "<group>"; };
		BF91342E24D527FB00AE6B96 /* Base */ = {isa = PBXFileReference; lastKnownFileType = file.storyboard; name = Base; path = Base.lproj/LaunchScreen.storyboard; sourceTree = "<group>"; };
		BF91343024D527FB00AE6B96 /* Info.plist */ = {isa = PBXFileReference; lastKnownFileType = text.plist.xml; path = Info.plist; sourceTree = "<group>"; };
		BF91345424D5364400AE6B96 /* GPUImageTableViewController.swift */ = {isa = PBXFileReference; lastKnownFileType = sourcecode.swift; path = GPUImageTableViewController.swift; sourceTree = "<group>"; };
		BF91345724D53C2B00AE6B96 /* CameraOperationController.swift */ = {isa = PBXFileReference; lastKnownFileType = sourcecode.swift; path = CameraOperationController.swift; sourceTree = "<group>"; };
		BF91345924D541F900AE6B96 /* GPUImage.framework */ = {isa = PBXFileReference; explicitFileType = wrapper.framework; path = GPUImage.framework; sourceTree = BUILT_PRODUCTS_DIR; };
		BF91345E24D5450600AE6B96 /* FilterOperationType.swift */ = {isa = PBXFileReference; lastKnownFileType = sourcecode.swift; path = FilterOperationType.swift; sourceTree = "<group>"; };
		BF91346024D5452700AE6B96 /* FilterOperations.swift */ = {isa = PBXFileReference; lastKnownFileType = sourcecode.swift; path = FilterOperations.swift; sourceTree = "<group>"; };
		E0AE6E866D10119AA57CE778 /* Pods_GPUImageDemo.framework */ = {isa = PBXFileReference; explicitFileType = wrapper.framework; includeInIndex = 0; path = Pods_GPUImageDemo.framework; sourceTree = BUILT_PRODUCTS_DIR; };
		F1C40928213AF9CA549899F4 /* Pods-GPUImageDemo.release.xcconfig */ = {isa = PBXFileReference; includeInIndex = 1; lastKnownFileType = text.xcconfig; name = "Pods-GPUImageDemo.release.xcconfig"; path = "Target Support Files/Pods-GPUImageDemo/Pods-GPUImageDemo.release.xcconfig"; sourceTree = "<group>"; };
		F631BD4C5B450A96576A9B33 /* Pods-GPUImageDemo.debug.xcconfig */ = {isa = PBXFileReference; includeInIndex = 1; lastKnownFileType = text.xcconfig; name = "Pods-GPUImageDemo.debug.xcconfig"; path = "Target Support Files/Pods-GPUImageDemo/Pods-GPUImageDemo.debug.xcconfig"; sourceTree = "<group>"; };
/* End PBXFileReference section */

/* Begin PBXFrameworksBuildPhase section */
		BF91341C24D527FA00AE6B96 /* Frameworks */ = {
			isa = PBXFrameworksBuildPhase;
			buildActionMask = 2147483647;
			files = (
				7669CA319D7468D9BAD62E8F /* Pods_GPUImageDemo.framework in Frameworks */,
				BF91345A24D541F900AE6B96 /* GPUImage.framework in Frameworks */,
			);
			runOnlyForDeploymentPostprocessing = 0;
		};
/* End PBXFrameworksBuildPhase section */

/* Begin PBXGroup section */
		08125ED5A8F11975BC9B428B /* Pods */ = {
			isa = PBXGroup;
			children = (
				F631BD4C5B450A96576A9B33 /* Pods-GPUImageDemo.debug.xcconfig */,
				F1C40928213AF9CA549899F4 /* Pods-GPUImageDemo.release.xcconfig */,
			);
			path = Pods;
			sourceTree = "<group>";
		};
		A4D1F9476040EBF87DF57F1F /* Frameworks */ = {
			isa = PBXGroup;
			children = (
				BF91345924D541F900AE6B96 /* GPUImage.framework */,
				E0AE6E866D10119AA57CE778 /* Pods_GPUImageDemo.framework */,
			);
			name = Frameworks;
			sourceTree = "<group>";
		};
		BF8F2C4124D58C8D0060225C /* Main */ = {
			isa = PBXGroup;
			children = (
				BF91342824D527FA00AE6B96 /* Main.storyboard */,
				BF91345424D5364400AE6B96 /* GPUImageTableViewController.swift */,
			);
			path = Main;
			sourceTree = "<group>";
		};
		BF8F2C4224D58C9D0060225C /* Modules */ = {
			isa = PBXGroup;
			children = (
				BF8F2C4324D58CA40060225C /* AppDelegate */,
				BF8F2C4624D58CD30060225C /* Camera */,
				BF8F2C4424D58CCA0060225C /* Image */,
				BF8F2C4124D58C8D0060225C /* Main */,
				BF8F2C4524D58CCF0060225C /* Video */,
			);
			path = Modules;
			sourceTree = "<group>";
		};
		BF8F2C4324D58CA40060225C /* AppDelegate */ = {
			isa = PBXGroup;
			children = (
				BF91342224D527FA00AE6B96 /* AppDelegate.swift */,
			);
			path = AppDelegate;
			sourceTree = "<group>";
		};
		BF8F2C4424D58CCA0060225C /* Image */ = {
			isa = PBXGroup;
			children = (
				BF8F2C3B24D58BF10060225C /* ImageOperation.storyboard */,
				BF8F2C4924D58D9C0060225C /* ImageOperationViewController.swift */,
			);
			path = Image;
			sourceTree = "<group>";
		};
		BF8F2C4524D58CCF0060225C /* Video */ = {
			isa = PBXGroup;
			children = (
				BF8F2C3D24D58C020060225C /* VideoOperation.storyboard */,
				BF8F2C4B24D58EC80060225C /* VideoOperationViewController.swift */,
			);
			path = Video;
			sourceTree = "<group>";
		};
		BF8F2C4624D58CD30060225C /* Camera */ = {
			isa = PBXGroup;
			children = (
				BF8F2C3F24D58C0B0060225C /* CameraOperation.storyboard */,
				BF91345724D53C2B00AE6B96 /* CameraOperationController.swift */,
			);
			path = Camera;
			sourceTree = "<group>";
		};
		BF8F2C4724D58CFA0060225C /* Resources */ = {
			isa = PBXGroup;
			children = (
				BF91342B24D527FB00AE6B96 /* Assets.xcassets */,
				BF91343024D527FB00AE6B96 /* Info.plist */,
				BF91342D24D527FB00AE6B96 /* LaunchScreen.storyboard */,
			);
			path = Resources;
			sourceTree = "<group>";
		};
		BF8F2C4824D58D1D0060225C /* Storyboard */ = {
			isa = PBXGroup;
			children = (
				BF8F2C3724D58B440060225C /* Storyboard.swift */,
			);
			path = Storyboard;
			sourceTree = "<group>";
		};
		BF91341624D527FA00AE6B96 = {
			isa = PBXGroup;
			children = (
				BF91342124D527FA00AE6B96 /* GPUImageDemo */,
				BF91342024D527FA00AE6B96 /* Products */,
				08125ED5A8F11975BC9B428B /* Pods */,
				A4D1F9476040EBF87DF57F1F /* Frameworks */,
			);
			sourceTree = "<group>";
		};
		BF91342024D527FA00AE6B96 /* Products */ = {
			isa = PBXGroup;
			children = (
				BF91341F24D527FA00AE6B96 /* GPUImageDemo.app */,
			);
			name = Products;
			sourceTree = "<group>";
		};
		BF91342124D527FA00AE6B96 /* GPUImageDemo */ = {
			isa = PBXGroup;
			children = (
				BF8F2C4224D58C9D0060225C /* Modules */,
				BF91345D24D544ED00AE6B96 /* Operations */,
				BF8F2C4724D58CFA0060225C /* Resources */,
				BF8F2C4824D58D1D0060225C /* Storyboard */,
			);
			path = GPUImageDemo;
			sourceTree = "<group>";
		};
		BF91345D24D544ED00AE6B96 /* Operations */ = {
			isa = PBXGroup;
			children = (
				BF91345E24D5450600AE6B96 /* FilterOperationType.swift */,
				BF91346024D5452700AE6B96 /* FilterOperations.swift */,
			);
			path = Operations;
			sourceTree = "<group>";
		};
/* End PBXGroup section */

/* Begin PBXNativeTarget section */
		BF91341E24D527FA00AE6B96 /* GPUImageDemo */ = {
			isa = PBXNativeTarget;
			buildConfigurationList = BF91343324D527FB00AE6B96 /* Build configuration list for PBXNativeTarget "GPUImageDemo" */;
			buildPhases = (
				A18E875C98A7298C3C7397CA /* [CP] Check Pods Manifest.lock */,
				BF91341B24D527FA00AE6B96 /* Sources */,
				BF91341C24D527FA00AE6B96 /* Frameworks */,
				BF91341D24D527FA00AE6B96 /* Resources */,
				BF91345C24D541F900AE6B96 /* Embed Frameworks */,
			);
			buildRules = (
			);
			dependencies = (
			);
			name = GPUImageDemo;
			productName = GPUImageDemo;
			productReference = BF91341F24D527FA00AE6B96 /* GPUImageDemo.app */;
			productType = "com.apple.product-type.application";
		};
/* End PBXNativeTarget section */

/* Begin PBXProject section */
		BF91341724D527FA00AE6B96 /* Project object */ = {
			isa = PBXProject;
			attributes = {
				LastSwiftUpdateCheck = 1150;
				LastUpgradeCheck = 1150;
				ORGANIZATIONNAME = CainLuo;
				TargetAttributes = {
					BF91341E24D527FA00AE6B96 = {
						CreatedOnToolsVersion = 11.5;
					};
				};
			};
			buildConfigurationList = BF91341A24D527FA00AE6B96 /* Build configuration list for PBXProject "GPUImageDemo" */;
			compatibilityVersion = "Xcode 9.3";
			developmentRegion = en;
			hasScannedForEncodings = 0;
			knownRegions = (
				en,
				Base,
			);
			mainGroup = BF91341624D527FA00AE6B96;
			productRefGroup = BF91342024D527FA00AE6B96 /* Products */;
			projectDirPath = "";
			projectRoot = "";
			targets = (
				BF91341E24D527FA00AE6B96 /* GPUImageDemo */,
			);
		};
/* End PBXProject section */

/* Begin PBXResourcesBuildPhase section */
		BF91341D24D527FA00AE6B96 /* Resources */ = {
			isa = PBXResourcesBuildPhase;
			buildActionMask = 2147483647;
			files = (
				BF91342F24D527FB00AE6B96 /* LaunchScreen.storyboard in Resources */,
				BF8F2C3C24D58BF10060225C /* ImageOperation.storyboard in Resources */,
				BF91342C24D527FB00AE6B96 /* Assets.xcassets in Resources */,
				BF8F2C3E24D58C020060225C /* VideoOperation.storyboard in Resources */,
				BF91342A24D527FA00AE6B96 /* Main.storyboard in Resources */,
				BF8F2C4024D58C0B0060225C /* CameraOperation.storyboard in Resources */,
			);
			runOnlyForDeploymentPostprocessing = 0;
		};
/* End PBXResourcesBuildPhase section */

/* Begin PBXShellScriptBuildPhase section */
		A18E875C98A7298C3C7397CA /* [CP] Check Pods Manifest.lock */ = {
			isa = PBXShellScriptBuildPhase;
			buildActionMask = 2147483647;
			files = (
			);
			inputFileListPaths = (
			);
			inputPaths = (
				"${PODS_PODFILE_DIR_PATH}/Podfile.lock",
				"${PODS_ROOT}/Manifest.lock",
			);
			name = "[CP] Check Pods Manifest.lock";
			outputFileListPaths = (
			);
			outputPaths = (
				"$(DERIVED_FILE_DIR)/Pods-GPUImageDemo-checkManifestLockResult.txt",
			);
			runOnlyForDeploymentPostprocessing = 0;
			shellPath = /bin/sh;
			shellScript = "diff \"${PODS_PODFILE_DIR_PATH}/Podfile.lock\" \"${PODS_ROOT}/Manifest.lock\" > /dev/null\nif [ $? != 0 ] ; then\n    # print error to STDERR\n    echo \"error: The sandbox is not in sync with the Podfile.lock. Run 'pod install' or update your CocoaPods installation.\" >&2\n    exit 1\nfi\n# This output is used by Xcode 'outputs' to avoid re-running this script phase.\necho \"SUCCESS\" > \"${SCRIPT_OUTPUT_FILE_0}\"\n";
			showEnvVarsInLog = 0;
		};
/* End PBXShellScriptBuildPhase section */

/* Begin PBXSourcesBuildPhase section */
		BF91341B24D527FA00AE6B96 /* Sources */ = {
			isa = PBXSourcesBuildPhase;
			buildActionMask = 2147483647;
			files = (
				BF91345524D5364400AE6B96 /* GPUImageTableViewController.swift in Sources */,
				BF91345F24D5450600AE6B96 /* FilterOperationType.swift in Sources */,
				BF91342324D527FA00AE6B96 /* AppDelegate.swift in Sources */,
				BF8F2C4A24D58D9C0060225C /* ImageOperationViewController.swift in Sources */,
				BF8F2C4C24D58EC80060225C /* VideoOperationViewController.swift in Sources */,
				BF91345824D53C2B00AE6B96 /* CameraOperationController.swift in Sources */,
				BF8F2C3824D58B440060225C /* Storyboard.swift in Sources */,
				BF91346124D5452700AE6B96 /* FilterOperations.swift in Sources */,
			);
			runOnlyForDeploymentPostprocessing = 0;
		};
/* End PBXSourcesBuildPhase section */

/* Begin PBXVariantGroup section */
		BF91342824D527FA00AE6B96 /* Main.storyboard */ = {
			isa = PBXVariantGroup;
			children = (
				BF91342924D527FA00AE6B96 /* Base */,
			);
			name = Main.storyboard;
			sourceTree = "<group>";
		};
		BF91342D24D527FB00AE6B96 /* LaunchScreen.storyboard */ = {
			isa = PBXVariantGroup;
			children = (
				BF91342E24D527FB00AE6B96 /* Base */,
			);
			name = LaunchScreen.storyboard;
			sourceTree = "<group>";
		};
/* End PBXVariantGroup section */

/* Begin XCBuildConfiguration section */
		BF91343124D527FB00AE6B96 /* Debug */ = {
			isa = XCBuildConfiguration;
			buildSettings = {
				ALWAYS_SEARCH_USER_PATHS = NO;
				CLANG_ANALYZER_NONNULL = YES;
				CLANG_ANALYZER_NUMBER_OBJECT_CONVERSION = YES_AGGRESSIVE;
				CLANG_CXX_LANGUAGE_STANDARD = "gnu++14";
				CLANG_CXX_LIBRARY = "libc++";
				CLANG_ENABLE_MODULES = YES;
				CLANG_ENABLE_OBJC_ARC = YES;
				CLANG_ENABLE_OBJC_WEAK = YES;
				CLANG_WARN_BLOCK_CAPTURE_AUTORELEASING = YES;
				CLANG_WARN_BOOL_CONVERSION = YES;
				CLANG_WARN_COMMA = YES;
				CLANG_WARN_CONSTANT_CONVERSION = YES;
				CLANG_WARN_DEPRECATED_OBJC_IMPLEMENTATIONS = YES;
				CLANG_WARN_DIRECT_OBJC_ISA_USAGE = YES_ERROR;
				CLANG_WARN_DOCUMENTATION_COMMENTS = YES;
				CLANG_WARN_EMPTY_BODY = YES;
				CLANG_WARN_ENUM_CONVERSION = YES;
				CLANG_WARN_INFINITE_RECURSION = YES;
				CLANG_WARN_INT_CONVERSION = YES;
				CLANG_WARN_NON_LITERAL_NULL_CONVERSION = YES;
				CLANG_WARN_OBJC_IMPLICIT_RETAIN_SELF = YES;
				CLANG_WARN_OBJC_LITERAL_CONVERSION = YES;
				CLANG_WARN_OBJC_ROOT_CLASS = YES_ERROR;
				CLANG_WARN_RANGE_LOOP_ANALYSIS = YES;
				CLANG_WARN_STRICT_PROTOTYPES = YES;
				CLANG_WARN_SUSPICIOUS_MOVE = YES;
				CLANG_WARN_UNGUARDED_AVAILABILITY = YES_AGGRESSIVE;
				CLANG_WARN_UNREACHABLE_CODE = YES;
				CLANG_WARN__DUPLICATE_METHOD_MATCH = YES;
				COPY_PHASE_STRIP = NO;
				DEBUG_INFORMATION_FORMAT = dwarf;
				ENABLE_STRICT_OBJC_MSGSEND = YES;
				ENABLE_TESTABILITY = YES;
				GCC_C_LANGUAGE_STANDARD = gnu11;
				GCC_DYNAMIC_NO_PIC = NO;
				GCC_NO_COMMON_BLOCKS = YES;
				GCC_OPTIMIZATION_LEVEL = 0;
				GCC_PREPROCESSOR_DEFINITIONS = (
					"DEBUG=1",
					"$(inherited)",
				);
				GCC_WARN_64_TO_32_BIT_CONVERSION = YES;
				GCC_WARN_ABOUT_RETURN_TYPE = YES_ERROR;
				GCC_WARN_UNDECLARED_SELECTOR = YES;
				GCC_WARN_UNINITIALIZED_AUTOS = YES_AGGRESSIVE;
				GCC_WARN_UNUSED_FUNCTION = YES;
				GCC_WARN_UNUSED_VARIABLE = YES;
				IPHONEOS_DEPLOYMENT_TARGET = 13.5;
				MTL_ENABLE_DEBUG_INFO = INCLUDE_SOURCE;
				MTL_FAST_MATH = YES;
				ONLY_ACTIVE_ARCH = YES;
				SDKROOT = iphoneos;
				SWIFT_ACTIVE_COMPILATION_CONDITIONS = DEBUG;
				SWIFT_OPTIMIZATION_LEVEL = "-Onone";
			};
			name = Debug;
		};
		BF91343224D527FB00AE6B96 /* Release */ = {
			isa = XCBuildConfiguration;
			buildSettings = {
				ALWAYS_SEARCH_USER_PATHS = NO;
				CLANG_ANALYZER_NONNULL = YES;
				CLANG_ANALYZER_NUMBER_OBJECT_CONVERSION = YES_AGGRESSIVE;
				CLANG_CXX_LANGUAGE_STANDARD = "gnu++14";
				CLANG_CXX_LIBRARY = "libc++";
				CLANG_ENABLE_MODULES = YES;
				CLANG_ENABLE_OBJC_ARC = YES;
				CLANG_ENABLE_OBJC_WEAK = YES;
				CLANG_WARN_BLOCK_CAPTURE_AUTORELEASING = YES;
				CLANG_WARN_BOOL_CONVERSION = YES;
				CLANG_WARN_COMMA = YES;
				CLANG_WARN_CONSTANT_CONVERSION = YES;
				CLANG_WARN_DEPRECATED_OBJC_IMPLEMENTATIONS = YES;
				CLANG_WARN_DIRECT_OBJC_ISA_USAGE = YES_ERROR;
				CLANG_WARN_DOCUMENTATION_COMMENTS = YES;
				CLANG_WARN_EMPTY_BODY = YES;
				CLANG_WARN_ENUM_CONVERSION = YES;
				CLANG_WARN_INFINITE_RECURSION = YES;
				CLANG_WARN_INT_CONVERSION = YES;
				CLANG_WARN_NON_LITERAL_NULL_CONVERSION = YES;
				CLANG_WARN_OBJC_IMPLICIT_RETAIN_SELF = YES;
				CLANG_WARN_OBJC_LITERAL_CONVERSION = YES;
				CLANG_WARN_OBJC_ROOT_CLASS = YES_ERROR;
				CLANG_WARN_RANGE_LOOP_ANALYSIS = YES;
				CLANG_WARN_STRICT_PROTOTYPES = YES;
				CLANG_WARN_SUSPICIOUS_MOVE = YES;
				CLANG_WARN_UNGUARDED_AVAILABILITY = YES_AGGRESSIVE;
				CLANG_WARN_UNREACHABLE_CODE = YES;
				CLANG_WARN__DUPLICATE_METHOD_MATCH = YES;
				COPY_PHASE_STRIP = NO;
				DEBUG_INFORMATION_FORMAT = "dwarf-with-dsym";
				ENABLE_NS_ASSERTIONS = NO;
				ENABLE_STRICT_OBJC_MSGSEND = YES;
				GCC_C_LANGUAGE_STANDARD = gnu11;
				GCC_NO_COMMON_BLOCKS = YES;
				GCC_WARN_64_TO_32_BIT_CONVERSION = YES;
				GCC_WARN_ABOUT_RETURN_TYPE = YES_ERROR;
				GCC_WARN_UNDECLARED_SELECTOR = YES;
				GCC_WARN_UNINITIALIZED_AUTOS = YES_AGGRESSIVE;
				GCC_WARN_UNUSED_FUNCTION = YES;
				GCC_WARN_UNUSED_VARIABLE = YES;
				IPHONEOS_DEPLOYMENT_TARGET = 13.5;
				MTL_ENABLE_DEBUG_INFO = NO;
				MTL_FAST_MATH = YES;
				SDKROOT = iphoneos;
				SWIFT_COMPILATION_MODE = wholemodule;
				SWIFT_OPTIMIZATION_LEVEL = "-O";
				VALIDATE_PRODUCT = YES;
			};
			name = Release;
		};
		BF91343424D527FB00AE6B96 /* Debug */ = {
			isa = XCBuildConfiguration;
			baseConfigurationReference = F631BD4C5B450A96576A9B33 /* Pods-GPUImageDemo.debug.xcconfig */;
			buildSettings = {
				ASSETCATALOG_COMPILER_APPICON_NAME = AppIcon;
				CODE_SIGN_STYLE = Automatic;
				DEVELOPMENT_TEAM = M67UHY3N8U;
				INFOPLIST_FILE = "$(SRCROOT)/GPUImageDemo/Resources/Info.plist";
				IPHONEOS_DEPLOYMENT_TARGET = 10.0;
				LD_RUNPATH_SEARCH_PATHS = (
					"$(inherited)",
					"@executable_path/Frameworks",
				);
				PRODUCT_BUNDLE_IDENTIFIER = com.cainluo.GPUImage;
				PRODUCT_NAME = "$(TARGET_NAME)";
				SWIFT_VERSION = 5.0;
				TARGETED_DEVICE_FAMILY = "1,2";
			};
			name = Debug;
		};
		BF91343524D527FB00AE6B96 /* Release */ = {
			isa = XCBuildConfiguration;
			baseConfigurationReference = F1C40928213AF9CA549899F4 /* Pods-GPUImageDemo.release.xcconfig */;
			buildSettings = {
				ASSETCATALOG_COMPILER_APPICON_NAME = AppIcon;
				CODE_SIGN_STYLE = Automatic;
				DEVELOPMENT_TEAM = M67UHY3N8U;
				INFOPLIST_FILE = "$(SRCROOT)/GPUImageDemo/Resources/Info.plist";
				IPHONEOS_DEPLOYMENT_TARGET = 10.0;
				LD_RUNPATH_SEARCH_PATHS = (
					"$(inherited)",
					"@executable_path/Frameworks",
				);
				PRODUCT_BUNDLE_IDENTIFIER = com.cainluo.GPUImage;
				PRODUCT_NAME = "$(TARGET_NAME)";
				SWIFT_VERSION = 5.0;
				TARGETED_DEVICE_FAMILY = "1,2";
			};
			name = Release;
		};
/* End XCBuildConfiguration section */

/* Begin XCConfigurationList section */
		BF91341A24D527FA00AE6B96 /* Build configuration list for PBXProject "GPUImageDemo" */ = {
			isa = XCConfigurationList;
			buildConfigurations = (
				BF91343124D527FB00AE6B96 /* Debug */,
				BF91343224D527FB00AE6B96 /* Release */,
			);
			defaultConfigurationIsVisible = 0;
			defaultConfigurationName = Release;
		};
		BF91343324D527FB00AE6B96 /* Build configuration list for PBXNativeTarget "GPUImageDemo" */ = {
			isa = XCConfigurationList;
			buildConfigurations = (
				BF91343424D527FB00AE6B96 /* Debug */,
				BF91343524D527FB00AE6B96 /* Release */,
			);
			defaultConfigurationIsVisible = 0;
			defaultConfigurationName = Release;
		};
/* End XCConfigurationList section */
	};
	rootObject = BF91341724D527FA00AE6B96 /* Project object */;
}
